{
  "lockfileVersion": 1,
  "configVersion": 1,
  "workspaces": {
    "": {
      "name": "@reliverse/rengine-monorepo",
    },
    "apps/cli": {
      "name": "@reliverse/rengine",
      "version": "0.0.1",
      "dependencies": {
        "@reliverse/rengine-core": "workspace:*",
      },
      "devDependencies": {
        "@repo/tsconfig": "workspace:*",
        "@types/bun": "catalog:",
        "@typescript/native-preview": "catalog:",
      },
    },
    "apps/wiki": {
      "name": "@repo/rengine-wiki",
      "version": "0.0.1",
      "devDependencies": {
        "@repo/tsconfig": "workspace:*",
        "@types/bun": "catalog:",
        "@typescript/native-preview": "catalog:",
      },
    },
    "packages/core": {
      "name": "@reliverse/rengine-core",
      "version": "0.0.1",
      "devDependencies": {
        "@repo/tsconfig": "workspace:*",
        "@types/bun": "catalog:",
        "@typescript/native-preview": "catalog:",
      },
    },
    "packages/tsconfig": {
      "name": "@repo/tsconfig",
      "version": "0.1.0",
    },
    "rese/apps/cli": {
      "name": "@reliverse/rese",
      "version": "0.0.1",
      "bin": {
        "rese": "./src/cli.ts",
      },
      "dependencies": {
        "@reliverse/rese-core": "workspace:*",
      },
      "devDependencies": {
        "@repo/tsconfig": "workspace:*",
        "@types/bun": "catalog:",
        "@typescript/native-preview": "catalog:",
      },
    },
    "rese/apps/web": {
      "name": "@repo/rese-web",
      "version": "0.0.1",
      "dependencies": {
        "@reliverse/rese-core": "workspace:*",
      },
      "devDependencies": {
        "@repo/tsconfig": "workspace:*",
        "@types/bun": "catalog:",
        "@typescript/native-preview": "catalog:",
      },
    },
    "rese/apps/wiki": {
      "name": "@repo/rese-wiki",
      "version": "0.0.1",
      "dependencies": {
        "@reliverse/rese-core": "workspace:*",
      },
      "devDependencies": {
        "@repo/tsconfig": "workspace:*",
        "@types/bun": "catalog:",
        "@typescript/native-preview": "catalog:",
      },
    },
    "rese/packages/core": {
      "name": "@reliverse/rese-core",
      "version": "0.0.1",
      "devDependencies": {
        "@repo/tsconfig": "workspace:*",
        "@types/bun": "catalog:",
        "@typescript/native-preview": "catalog:",
      },
    },
  },
  "catalog": {
    "@types/bun": "^1.3.11",
    "@typescript/native-preview": "^7.0.0-dev.20260409.1",
  },
  "packages": {
    "@reliverse/rengine": ["@reliverse/rengine@workspace:apps/cli"],

    "@reliverse/rengine-core": ["@reliverse/rengine-core@workspace:packages/core"],

    "@reliverse/rese": ["@reliverse/rese@workspace:rese/apps/cli"],

    "@reliverse/rese-core": ["@reliverse/rese-core@workspace:rese/packages/core"],

    "@repo/rengine-wiki": ["@repo/rengine-wiki@workspace:apps/wiki"],

    "@repo/rese-web": ["@repo/rese-web@workspace:rese/apps/web"],

    "@repo/rese-wiki": ["@repo/rese-wiki@workspace:rese/apps/wiki"],

    "@repo/tsconfig": ["@repo/tsconfig@workspace:packages/tsconfig"],

    "@types/bun": ["@types/bun@1.3.11", "", { "dependencies": { "bun-types": "1.3.11" } }, "sha512-5vPne5QvtpjGpsGYXiFyycfpDF2ECyPcTSsFBMa0fraoxiQyMJ3SmuQIGhzPg2WJuWxVBoxWJ2kClYTcw/4fAg=="],

    "@types/node": ["@types/node@25.5.2", "", { "dependencies": { "undici-types": "~7.18.0" } }, "sha512-tO4ZIRKNC+MDWV4qKVZe3Ql/woTnmHDr5JD8UI5hn2pwBrHEwOEMZK7WlNb5RKB6EoJ02gwmQS9OrjuFnZYdpg=="],

    "@typescript/native-preview": ["@typescript/native-preview@7.0.0-dev.20260409.1", "", { "optionalDependencies": { "@typescript/native-preview-darwin-arm64": "7.0.0-dev.20260409.1", "@typescript/native-preview-darwin-x64": "7.0.0-dev.20260409.1", "@typescript/native-preview-linux-arm": "7.0.0-dev.20260409.1", "@typescript/native-preview-linux-arm64": "7.0.0-dev.20260409.1", "@typescript/native-preview-linux-x64": "7.0.0-dev.20260409.1", "@typescript/native-preview-win32-arm64": "7.0.0-dev.20260409.1", "@typescript/native-preview-win32-x64": "7.0.0-dev.20260409.1" }, "bin": { "tsgo": "bin/tsgo.js" } }, "sha512-CV1HEMGo1xCySwUJbCQOF+mmrTue8KTJ1Od2kKWhcbOpu8fPBfaqIpbAM6tGLcNEykEjMMTYHc/VTLbMgxdScQ=="],

    "@typescript/native-preview-darwin-arm64": ["@typescript/native-preview-darwin-arm64@7.0.0-dev.20260409.1", "", { "os": "darwin", "cpu": "arm64" }, "sha512-GcRRnaoeZVrbC47woQ/2t3vPoQcTSjsWPEAQGtwNSdw7Z9TKxG4ES22ghJIQXd3ncTRCMJ+XELnnuqxVutkJ9w=="],

    "@typescript/native-preview-darwin-x64": ["@typescript/native-preview-darwin-x64@7.0.0-dev.20260409.1", "", { "os": "darwin", "cpu": "x64" }, "sha512-7s8DXAa0Xpu/8PEjYIc4I36Ju7eVpoz9k3E+3WQdOF8pIPWYohiOj+zi68m9XYQck+rnkjUFo26ThVKqVetoMA=="],

    "@typescript/native-preview-linux-arm": ["@typescript/native-preview-linux-arm@7.0.0-dev.20260409.1", "", { "os": "linux", "cpu": "arm" }, "sha512-fOa07JBUXQpEPq+024g346inYZ2xp63ELuoRq6J0jwDWQ/ftCCuvdQNMncwFhsm1qlMdKT3S68NrnSxX16hiaw=="],

    "@typescript/native-preview-linux-arm64": ["@typescript/native-preview-linux-arm64@7.0.0-dev.20260409.1", "", { "os": "linux", "cpu": "arm64" }, "sha512-cGTzTUqRGlIDwdtkDy6qTrvrqpe27W4CdgnFn0FpxpiWnaIi3wqjlzQ1grtqrqainw/yuPy5hn/I86sQgN6nvA=="],

    "@typescript/native-preview-linux-x64": ["@typescript/native-preview-linux-x64@7.0.0-dev.20260409.1", "", { "os": "linux", "cpu": "x64" }, "sha512-lQrbc/BJKBxQrR1ttBDU5sYY1Hb2moFQgHL20T6nbapNqGpK4pzy64p+NK39O93D4omiCSk04pkchBCVrMPSAg=="],

    "@typescript/native-preview-win32-arm64": ["@typescript/native-preview-win32-arm64@7.0.0-dev.20260409.1", "", { "os": "win32", "cpu": "arm64" }, "sha512-kmCafMo1xZlYx+9WnfpeZJ2tnB/CcJdR8QPX7j9vqcpe51D7b7Intmr921dD48KGpVh5YgjQ1MEFE5mjGqGMaA=="],

    "@typescript/native-preview-win32-x64": ["@typescript/native-preview-win32-x64@7.0.0-dev.20260409.1", "", { "os": "win32", "cpu": "x64" }, "sha512-WRd+JpQipTsE15QgYr3w7J0f1NKvGcq2QEgmcq8hB0WZA1X2WhQopNu+MpPQ3tdDD42VjMhm8ZoB8HpuOoXK5w=="],

    "bun-types": ["bun-types@1.3.11", "", { "dependencies": { "@types/node": "*" } }, "sha512-1KGPpoxQWl9f6wcZh57LvrPIInQMn2TQ7jsgxqpRzg+l0QPOFvJVH7HmvHo/AiPgwXy+/Thf6Ov3EdVn1vOabg=="],

    "undici-types": ["undici-types@7.18.2", "", {}, "sha512-AsuCzffGHJybSaRrmr5eHr81mwJU3kjw6M+uprWvCXiNeN9SOGwQ3Jn8jb8m3Z6izVgknn1R0FTCEAP2QrLY/w=="],
  }
}
